// !$*UTF8*$!
{
	archiveVersion = 1;
	classes = {
	};
	objectVersion = 50;
	objects = {

/* Begin PBXBuildFile section */
		40F6ECAC246B05B400803C30 /* AppDelegate.swift in Sources */ = {isa = PBXBuildFile; fileRef = 40F6ECAB246B05B400803C30 /* AppDelegate.swift */; };
		40F6ECAE246B05B400803C30 /* ViewController.swift in Sources */ = {isa = PBXBuildFile; fileRef = 40F6ECAD246B05B400803C30 /* ViewController.swift */; };
		40F6ECB1246B05B400803C30 /* Main.storyboard in Resources */ = {isa = PBXBuildFile; fileRef = 40F6ECAF246B05B400803C30 /* Main.storyboard */; };
		40F6ECB3246B05B700803C30 /* Assets.xcassets in Resources */ = {isa = PBXBuildFile; fileRef = 40F6ECB2246B05B700803C30 /* Assets.xcassets */; };
		40F6ECB6246B05B700803C30 /* LaunchScreen.storyboard in Resources */ = {isa = PBXBuildFile; fileRef = 40F6ECB4246B05B700803C30 /* LaunchScreen.storyboard */; };
		40F6ECC1246B05B700803C30 /* testGitTests.swift in Sources */ = {isa = PBXBuildFile; fileRef = 40F6ECC0246B05B700803C30 /* testGitTests.swift */; };
		40F6ECCC246B05B700803C30 /* testGitUITests.swift in Sources */ = {isa = PBXBuildFile; fileRef = 40F6ECCB246B05B700803C30 /* testGitUITests.swift */; };
/* End PBXBuildFile section */

/* Begin PBXContainerItemProxy section */
		40F6ECBD246B05B700803C30 /* PBXContainerItemProxy */ = {
			isa = PBXContainerItemProxy;
			containerPortal = 40F6ECA0246B05B400803C30 /* Project object */;
			proxyType = 1;
			remoteGlobalIDString = 40F6ECA7246B05B400803C30;
			remoteInfo = testGit;
		};
		40F6ECC8246B05B700803C30 /* PBXContainerItemProxy */ = {
			isa = PBXContainerItemProxy;
			containerPortal = 40F6ECA0246B05B400803C30 /* Project object */;
			proxyType = 1;
			remoteGlobalIDString = 40F6ECA7246B05B400803C30;
			remoteInfo = testGit;
		};
/* End PBXContainerItemProxy section */

/* Begin PBXFileReference section */
		40F6ECA8246B05B400803C30 /* testGit.app */ = {isa = PBXFileReference; explicitFileType = wrapper.application; includeInIndex = 0; path = testGit.app; sourceTree = BUILT_PRODUCTS_DIR; };
		40F6ECAB246B05B400803C30 /* AppDelegate.swift */ = {isa = PBXFileReference; lastKnownFileType = sourcecode.swift; path = AppDelegate.swift; sourceTree = "<group>"; };
		40F6ECAD246B05B400803C30 /* ViewController.swift */ = {isa = PBXFileReference; lastKnownFileType = sourcecode.swift; path = ViewController.swift; sourceTree = "<group>"; };
		40F6ECB0246B05B400803C30 /* Base */ = {isa = PBXFileReference; lastKnownFileType = file.storyboard; name = Base; path = Base.lproj/Main.storyboard; sourceTree = "<group>"; };
		40F6ECB2246B05B700803C30 /* Assets.xcassets */ = {isa = PBXFileReference; lastKnownFileType = folder.assetcatalog; path = Assets.xcassets; sourceTree = "<group>"; };
		40F6ECB5246B05B700803C30 /* Base */ = {isa = PBXFileReference; lastKnownFileType = file.storyboard; name = Base; path = Base.lproj/LaunchScreen.storyboard; sourceTree = "<group>"; };
		40F6ECB7246B05B700803C30 /* Info.plist */ = {isa = PBXFileReference; lastKnownFileType = text.plist.xml; path = Info.plist; sourceTree = "<group>"; };
		40F6ECBC246B05B700803C30 /* testGitTests.xctest */ = {isa = PBXFileReference; explicitFileType = wrapper.cfbundle; includeInIndex = 0; path = testGitTests.xctest; sourceTree = BUILT_PRODUCTS_DIR; };
		40F6ECC0246B05B700803C30 /* testGitTests.swift */ = {isa = PBXFileReference; lastKnownFileType = sourcecode.swift; path = testGitTests.swift; sourceTree = "<group>"; };
		40F6ECC2246B05B700803C30 /* Info.plist */ = {isa = PBXFileReference; lastKnownFileType = text.plist.xml; path = Info.plist; sourceTree = "<group>"; };
		40F6ECC7246B05B700803C30 /* testGitUITests.xctest */ = {isa = PBXFileReference; explicitFileType = wrapper.cfbundle; includeInIndex = 0; path = testGitUITests.xctest; sourceTree = BUILT_PRODUCTS_DIR; };
		40F6ECCB246B05B700803C30 /* testGitUITests.swift */ = {isa = PBXFileReference; lastKnownFileType = sourcecode.swift; path = testGitUITests.swift; sourceTree = "<group>"; };
		40F6ECCD246B05B700803C30 /* Info.plist */ = {isa = PBXFileReference; lastKnownFileType = text.plist.xml; path = Info.plist; sourceTree = "<group>"; };
/* End PBXFileReference section */

/* Begin PBXFrameworksBuildPhase section */
		40F6ECA5246B05B400803C30 /* Frameworks */ = {
			isa = PBXFrameworksBuildPhase;
			buildActionMask = 2147483647;
			files = (
			);
			runOnlyForDeploymentPostprocessing = 0;
		};
		40F6ECB9246B05B700803C30 /* Frameworks */ = {
			isa = PBXFrameworksBuildPhase;
			buildActionMask = 2147483647;
			files = (
			);
			runOnlyForDeploymentPostprocessing = 0;
		};
		40F6ECC4246B05B700803C30 /* Frameworks */ = {
			isa = PBXFrameworksBuildPhase;
			buildActionMask = 2147483647;
			files = (
			);
			runOnlyForDeploymentPostprocessing = 0;
		};
/* End PBXFrameworksBuildPhase section */

/* Begin PBXGroup section */
		40F6EC9F246B05B400803C30 = {
			isa = PBXGroup;
			children = (
				40F6ECAA246B05B400803C30 /* testGit */,
				40F6ECBF246B05B700803C30 /* testGitTests */,
				40F6ECCA246B05B700803C30 /* testGitUITests */,
				40F6ECA9246B05B400803C30 /* Products */,
			);
			sourceTree = "<group>";
		};
		40F6ECA9246B05B400803C30 /* Products */ = {
			isa = PBXGroup;
			children = (
				40F6ECA8246B05B400803C30 /* testGit.app */,
				40F6ECBC246B05B700803C30 /* testGitTests.xctest */,
				40F6ECC7246B05B700803C30 /* testGitUITests.xctest */,
			);
			name = Products;
			sourceTree = "<group>";
		};
		40F6ECAA246B05B400803C30 /* testGit */ = {
			isa = PBXGroup;
			children = (
				40F6ECAB246B05B400803C30 /* AppDelegate.swift */,
				40F6ECAD246B05B400803C30 /* ViewController.swift */,
				40F6ECAF246B05B400803C30 /* Main.storyboard */,
				40F6ECB2246B05B700803C30 /* Assets.xcassets */,
				40F6ECB4246B05B700803C30 /* LaunchScreen.storyboard */,
				40F6ECB7246B05B700803C30 /* Info.plist */,
			);
			path = testGit;
			sourceTree = "<group>";
		};
		40F6ECBF246B05B700803C30 /* testGitTests */ = {
			isa = PBXGroup;
			children = (
				40F6ECC0246B05B700803C30 /* testGitTests.swift */,
				40F6ECC2246B05B700803C30 /* Info.plist */,
			);
			path = testGitTests;
			sourceTree = "<group>";
		};
		40F6ECCA246B05B700803C30 /* testGitUITests */ = {
			isa = PBXGroup;
			children = (
				40F6ECCB246B05B700803C30 /* testGitUITests.swift */,
				40F6ECCD246B05B700803C30 /* Info.plist */,
			);
			path = testGitUITests;
			sourceTree = "<group>";
		};
/* End PBXGroup section */

/* Begin PBXNativeTarget section */
		40F6ECA7246B05B400803C30 /* testGit */ = {
			isa = PBXNativeTarget;
			buildConfigurationList = 40F6ECD0246B05B700803C30 /* Build configuration list for PBXNativeTarget "testGit" */;
			buildPhases = (
				40F6ECA4246B05B400803C30 /* Sources */,
				40F6ECA5246B05B400803C30 /* Frameworks */,
				40F6ECA6246B05B400803C30 /* Resources */,
			);
			buildRules = (
			);
			dependencies = (
			);
			name = testGit;
			productName = testGit;
			productReference = 40F6ECA8246B05B400803C30 /* testGit.app */;
			productType = "com.apple.product-type.application";
		};
		40F6ECBB246B05B700803C30 /* testGitTests */ = {
			isa = PBXNativeTarget;
			buildConfigurationList = 40F6ECD3246B05B700803C30 /* Build configuration list for PBXNativeTarget "testGitTests" */;
			buildPhases = (
				40F6ECB8246B05B700803C30 /* Sources */,
				40F6ECB9246B05B700803C30 /* Frameworks */,
				40F6ECBA246B05B700803C30 /* Resources */,
			);
			buildRules = (
			);
			dependencies = (
				40F6ECBE246B05B700803C30 /* PBXTargetDependency */,
			);
			name = testGitTests;
			productName = testGitTests;
			productReference = 40F6ECBC246B05B700803C30 /* testGitTests.xctest */;
			productType = "com.apple.product-type.bundle.unit-test";
		};
		40F6ECC6246B05B700803C30 /* testGitUITests */ = {
			isa = PBXNativeTarget;
			buildConfigurationList = 40F6ECD6246B05B700803C30 /* Build configuration list for PBXNativeTarget "testGitUITests" */;
			buildPhases = (
				40F6ECC3246B05B700803C30 /* Sources */,
				40F6ECC4246B05B700803C30 /* Frameworks */,
				40F6ECC5246B05B700803C30 /* Resources */,
			);
			buildRules = (
			);
			dependencies = (
				40F6ECC9246B05B700803C30 /* PBXTargetDependency */,
			);
			name = testGitUITests;
			productName = testGitUITests;
			productReference = 40F6ECC7246B05B700803C30 /* testGitUITests.xctest */;
			productType = "com.apple.product-type.bundle.ui-testing";
		};
/* End PBXNativeTarget section */

/* Begin PBXProject section */
		40F6ECA0246B05B400803C30 /* Project object */ = {
			isa = PBXProject;
			attributes = {
				LastSwiftUpdateCheck = 1020;
				LastUpgradeCheck = 1020;
				ORGANIZATIONNAME = LQMacBookPro;
				TargetAttributes = {
					40F6ECA7246B05B400803C30 = {
						CreatedOnToolsVersion = 10.2;
					};
					40F6ECBB246B05B700803C30 = {
						CreatedOnToolsVersion = 10.2;
						TestTargetID = 40F6ECA7246B05B400803C30;
					};
					40F6ECC6246B05B700803C30 = {
						CreatedOnToolsVersion = 10.2;
						TestTargetID = 40F6ECA7246B05B400803C30;
					};
				};
			};
			buildConfigurationList = 40F6ECA3246B05B400803C30 /* Build configuration list for PBXProject "testGit" */;
			compatibilityVersion = "Xcode 9.3";
			developmentRegion = en;
			hasScannedForEncodings = 0;
			knownRegions = (
				en,
				Base,
			);
			mainGroup = 40F6EC9F246B05B400803C30;
			productRefGroup = 40F6ECA9246B05B400803C30 /* Products */;
			projectDirPath = "";
			projectRoot = "";
			targets = (
				40F6ECA7246B05B400803C30 /* testGit */,
				40F6ECBB246B05B700803C30 /* testGitTests */,
				40F6ECC6246B05B700803C30 /* testGitUITests */,
			);
		};
/* End PBXProject section */

/* Begin PBXResourcesBuildPhase section */
		40F6ECA6246B05B400803C30 /* Resources */ = {
			isa = PBXResourcesBuildPhase;
			buildActionMask = 2147483647;
			files = (
				40F6ECB6246B05B700803C30 /* LaunchScreen.storyboard in Resources */,
				40F6ECB3246B05B700803C30 /* Assets.xcassets in Resources */,
				40F6ECB1246B05B400803C30 /* Main.storyboard in Resources */,
			);
			runOnlyForDeploymentPostprocessing = 0;
		};
		40F6ECBA246B05B700803C30 /* Resources */ = {
			isa = PBXResourcesBuildPhase;
			buildActionMask = 2147483647;
			files = (
			);
			runOnlyForDeploymentPostprocessing = 0;
		};
		40F6ECC5246B05B700803C30 /* Resources */ = {
			isa = PBXResourcesBuildPhase;
			buildActionMask = 2147483647;
			files = (
			);
			runOnlyForDeploymentPostprocessing = 0;
		};
/* End PBXResourcesBuildPhase section */

/* Begin PBXSourcesBuildPhase section */
		40F6ECA4246B05B400803C30 /* Sources */ = {
			isa = PBXSourcesBuildPhase;
			buildActionMask = 2147483647;
			files = (
				40F6ECAE246B05B400803C30 /* ViewController.swift in Sources */,
				40F6ECAC246B05B400803C30 /* AppDelegate.swift in Sources */,
			);
			runOnlyForDeploymentPostprocessing = 0;
		};
		40F6ECB8246B05B700803C30 /* Sources */ = {
			isa = PBXSourcesBuildPhase;
			buildActionMask = 2147483647;
			files = (
				40F6ECC1246B05B700803C30 /* testGitTests.swift in Sources */,
			);
			runOnlyForDeploymentPostprocessing = 0;
		};
		40F6ECC3246B05B700803C30 /* Sources */ = {
			isa = PBXSourcesBuildPhase;
			buildActionMask = 2147483647;
			files = (
				40F6ECCC246B05B700803C30 /* testGitUITests.swift in Sources */,
			);
			runOnlyForDeploymentPostprocessing = 0;
		};
/* End PBXSourcesBuildPhase section */

/* Begin PBXTargetDependency section */
		40F6ECBE246B05B700803C30 /* PBXTargetDependency */ = {
			isa = PBXTargetDependency;
			target = 40F6ECA7246B05B400803C30 /* testGit */;
			targetProxy = 40F6ECBD246B05B700803C30 /* PBXContainerItemProxy */;
		};
		40F6ECC9246B05B700803C30 /* PBXTargetDependency */ = {
			isa = PBXTargetDependency;
			target = 40F6ECA7246B05B400803C30 /* testGit */;
			targetProxy = 40F6ECC8246B05B700803C30 /* PBXContainerItemProxy */;
		};
/* End PBXTargetDependency section */

/* Begin PBXVariantGroup section */
		40F6ECAF246B05B400803C30 /* Main.storyboard */ = {
			isa = PBXVariantGroup;
			children = (
				40F6ECB0246B05B400803C30 /* Base */,
			);
			name = Main.storyboard;
			sourceTree = "<group>";
		};
		40F6ECB4246B05B700803C30 /* LaunchScreen.storyboard */ = {
			isa = PBXVariantGroup;
			children = (
				40F6ECB5246B05B700803C30 /* Base */,
			);
			name = LaunchScreen.storyboard;
			sourceTree = "<group>";
		};
/* End PBXVariantGroup section */

/* Begin XCBuildConfiguration section */
		40F6ECCE246B05B700803C30 /* Debug */ = {
			isa = XCBuildConfiguration;
			buildSettings = {
				ALWAYS_SEARCH_USER_PATHS = NO;
				CLANG_ANALYZER_NONNULL = YES;
				CLANG_ANALYZER_NUMBER_OBJECT_CONVERSION = YES_AGGRESSIVE;
				CLANG_CXX_LANGUAGE_STANDARD = "gnu++14";
				CLANG_CXX_LIBRARY = "libc++";
				CLANG_ENABLE_MODULES = YES;
				CLANG_ENABLE_OBJC_ARC = YES;
				CLANG_ENABLE_OBJC_WEAK = YES;
				CLANG_WARN_BLOCK_CAPTURE_AUTORELEASING = YES;
				CLANG_WARN_BOOL_CONVERSION = YES;
				CLANG_WARN_COMMA = YES;
				CLANG_WARN_CONSTANT_CONVERSION = YES;
				CLANG_WARN_DEPRECATED_OBJC_IMPLEMENTATIONS = YES;
				CLANG_WARN_DIRECT_OBJC_ISA_USAGE = YES_ERROR;
				CLANG_WARN_DOCUMENTATION_COMMENTS = YES;
				CLANG_WARN_EMPTY_BODY = YES;
				CLANG_WARN_ENUM_CONVERSION = YES;
				CLANG_WARN_INFINITE_RECURSION = YES;
				CLANG_WARN_INT_CONVERSION = YES;
				CLANG_WARN_NON_LITERAL_NULL_CONVERSION = YES;
				CLANG_WARN_OBJC_IMPLICIT_RETAIN_SELF = YES;
				CLANG_WARN_OBJC_LITERAL_CONVERSION = YES;
				CLANG_WARN_OBJC_ROOT_CLASS = YES_ERROR;
				CLANG_WARN_RANGE_LOOP_ANALYSIS = YES;
				CLANG_WARN_STRICT_PROTOTYPES = YES;
				CLANG_WARN_SUSPICIOUS_MOVE = YES;
				CLANG_WARN_UNGUARDED_AVAILABILITY = YES_AGGRESSIVE;
				CLANG_WARN_UNREACHABLE_CODE = YES;
				CLANG_WARN__DUPLICATE_METHOD_MATCH = YES;
				CODE_SIGN_IDENTITY = "iPhone Developer";
				COPY_PHASE_STRIP = NO;
				DEBUG_INFORMATION_FORMAT = dwarf;
				ENABLE_STRICT_OBJC_MSGSEND = YES;
				ENABLE_TESTABILITY = YES;
				GCC_C_LANGUAGE_STANDARD = gnu11;
				GCC_DYNAMIC_NO_PIC = NO;
				GCC_NO_COMMON_BLOCKS = YES;
				GCC_OPTIMIZATION_LEVEL = 0;
				GCC_PREPROCESSOR_DEFINITIONS = (
					"DEBUG=1",
					"$(inherited)",
				);
				GCC_WARN_64_TO_32_BIT_CONVERSION = YES;
				GCC_WARN_ABOUT_RETURN_TYPE = YES_ERROR;
				GCC_WARN_UNDECLARED_SELECTOR = YES;
				GCC_WARN_UNINITIALIZED_AUTOS = YES_AGGRESSIVE;
				GCC_WARN_UNUSED_FUNCTION = YES;
				GCC_WARN_UNUSED_VARIABLE = YES;
				IPHONEOS_DEPLOYMENT_TARGET = 12.2;
				MTL_ENABLE_DEBUG_INFO = INCLUDE_SOURCE;
				MTL_FAST_MATH = YES;
				ONLY_ACTIVE_ARCH = YES;
				SDKROOT = iphoneos;
				SWIFT_ACTIVE_COMPILATION_CONDITIONS = DEBUG;
				SWIFT_OPTIMIZATION_LEVEL = "-Onone";
			};
			name = Debug;
		};
		40F6ECCF246B05B700803C30 /* Release */ = {
			isa = XCBuildConfiguration;
			buildSettings = {
				ALWAYS_SEARCH_USER_PATHS = NO;
				CLANG_ANALYZER_NONNULL = YES;
				CLANG_ANALYZER_NUMBER_OBJECT_CONVERSION = YES_AGGRESSIVE;
				CLANG_CXX_LANGUAGE_STANDARD = "gnu++14";
				CLANG_CXX_LIBRARY = "libc++";
				CLANG_ENABLE_MODULES = YES;
				CLANG_ENABLE_OBJC_ARC = YES;
				CLANG_ENABLE_OBJC_WEAK = YES;
				CLANG_WARN_BLOCK_CAPTURE_AUTORELEASING = YES;
				CLANG_WARN_BOOL_CONVERSION = YES;
				CLANG_WARN_COMMA = YES;
				CLANG_WARN_CONSTANT_CONVERSION = YES;
				CLANG_WARN_DEPRECATED_OBJC_IMPLEMENTATIONS = YES;
				CLANG_WARN_DIRECT_OBJC_ISA_USAGE = YES_ERROR;
				CLANG_WARN_DOCUMENTATION_COMMENTS = YES;
				CLANG_WARN_EMPTY_BODY = YES;
				CLANG_WARN_ENUM_CONVERSION = YES;
				CLANG_WARN_INFINITE_RECURSION = YES;
				CLANG_WARN_INT_CONVERSION = YES;
				CLANG_WARN_NON_LITERAL_NULL_CONVERSION = YES;
				CLANG_WARN_OBJC_IMPLICIT_RETAIN_SELF = YES;
				CLANG_WARN_OBJC_LITERAL_CONVERSION = YES;
				CLANG_WARN_OBJC_ROOT_CLASS = YES_ERROR;
				CLANG_WARN_RANGE_LOOP_ANALYSIS = YES;
				CLANG_WARN_STRICT_PROTOTYPES = YES;
				CLANG_WARN_SUSPICIOUS_MOVE = YES;
				CLANG_WARN_UNGUARDED_AVAILABILITY = YES_AGGRESSIVE;
				CLANG_WARN_UNREACHABLE_CODE = YES;
				CLANG_WARN__DUPLICATE_METHOD_MATCH = YES;
				CODE_SIGN_IDENTITY = "iPhone Developer";
				COPY_PHASE_STRIP = NO;
				DEBUG_INFORMATION_FORMAT = "dwarf-with-dsym";
				ENABLE_NS_ASSERTIONS = NO;
				ENABLE_STRICT_OBJC_MSGSEND = YES;
				GCC_C_LANGUAGE_STANDARD = gnu11;
				GCC_NO_COMMON_BLOCKS = YES;
				GCC_WARN_64_TO_32_BIT_CONVERSION = YES;
				GCC_WARN_ABOUT_RETURN_TYPE = YES_ERROR;
				GCC_WARN_UNDECLARED_SELECTOR = YES;
				GCC_WARN_UNINITIALIZED_AUTOS = YES_AGGRESSIVE;
				GCC_WARN_UNUSED_FUNCTION = YES;
				GCC_WARN_UNUSED_VARIABLE = YES;
				IPHONEOS_DEPLOYMENT_TARGET = 12.2;
				MTL_ENABLE_DEBUG_INFO = NO;
				MTL_FAST_MATH = YES;
				SDKROOT = iphoneos;
				SWIFT_COMPILATION_MODE = wholemodule;
				SWIFT_OPTIMIZATION_LEVEL = "-O";
				VALIDATE_PRODUCT = YES;
			};
			name = Release;
		};
		40F6ECD1246B05B700803C30 /* Debug */ = {
			isa = XCBuildConfiguration;
			buildSettings = {
				ASSETCATALOG_COMPILER_APPICON_NAME = AppIcon;
				CODE_SIGN_STYLE = Automatic;
				DEVELOPMENT_TEAM = HLWKN9MPJ3;
				INFOPLIST_FILE = testGit/Info.plist;
				LD_RUNPATH_SEARCH_PATHS = (
					"$(inherited)",
					"@executable_path/Frameworks",
				);
				PRODUCT_BUNDLE_IDENTIFIER = Haok.testGit;
				PRODUCT_NAME = "$(TARGET_NAME)";
				SWIFT_VERSION = 5.0;
				TARGETED_DEVICE_FAMILY = "1,2";
			};
			name = Debug;
		};
		40F6ECD2246B05B700803C30 /* Release */ = {
			isa = XCBuildConfiguration;
			buildSettings = {
				ASSETCATALOG_COMPILER_APPICON_NAME = AppIcon;
				CODE_SIGN_STYLE = Automatic;
				DEVELOPMENT_TEAM = HLWKN9MPJ3;
				INFOPLIST_FILE = testGit/Info.plist;
				LD_RUNPATH_SEARCH_PATHS = (
					"$(inherited)",
					"@executable_path/Frameworks",
				);
				PRODUCT_BUNDLE_IDENTIFIER = Haok.testGit;
				PRODUCT_NAME = "$(TARGET_NAME)";
				SWIFT_VERSION = 5.0;
				TARGETED_DEVICE_FAMILY = "1,2";
			};
			name = Release;
		};
		40F6ECD4246B05B700803C30 /* Debug */ = {
			isa = XCBuildConfiguration;
			buildSettings = {
				ALWAYS_EMBED_SWIFT_STANDARD_LIBRARIES = YES;
				BUNDLE_LOADER = "$(TEST_HOST)";
				CODE_SIGN_STYLE = Automatic;
				INFOPLIST_FILE = testGitTests/Info.plist;
				LD_RUNPATH_SEARCH_PATHS = (
					"$(inherited)",
					"@executable_path/Frameworks",
					"@loader_path/Frameworks",
				);
				PRODUCT_BUNDLE_IDENTIFIER = Haok.testGitTests;
				PRODUCT_NAME = "$(TARGET_NAME)";
				SWIFT_VERSION = 5.0;
				TARGETED_DEVICE_FAMILY = "1,2";
				TEST_HOST = "$(BUILT_PRODUCTS_DIR)/testGit.app/testGit";
			};
			name = Debug;
		};
		40F6ECD5246B05B700803C30 /* Release */ = {
			isa = XCBuildConfiguration;
			buildSettings = {
				ALWAYS_EMBED_SWIFT_STANDARD_LIBRARIES = YES;
				BUNDLE_LOADER = "$(TEST_HOST)";
				CODE_SIGN_STYLE = Automatic;
				INFOPLIST_FILE = testGitTests/Info.plist;
				LD_RUNPATH_SEARCH_PATHS = (
					"$(inherited)",
					"@executable_path/Frameworks",
					"@loader_path/Frameworks",
				);
				PRODUCT_BUNDLE_IDENTIFIER = Haok.testGitTests;
				PRODUCT_NAME = "$(TARGET_NAME)";
				SWIFT_VERSION = 5.0;
				TARGETED_DEVICE_FAMILY = "1,2";
				TEST_HOST = "$(BUILT_PRODUCTS_DIR)/testGit.app/testGit";
			};
			name = Release;
		};
		40F6ECD7246B05B700803C30 /* Debug */ = {
			isa = XCBuildConfiguration;
			buildSettings = {
				ALWAYS_EMBED_SWIFT_STANDARD_LIBRARIES = YES;
				CODE_SIGN_STYLE = Automatic;
				INFOPLIST_FILE = testGitUITests/Info.plist;
				LD_RUNPATH_SEARCH_PATHS = (
					"$(inherited)",
					"@executable_path/Frameworks",
					"@loader_path/Frameworks",
				);
				PRODUCT_BUNDLE_IDENTIFIER = Haok.testGitUITests;
				PRODUCT_NAME = "$(TARGET_NAME)";
				SWIFT_VERSION = 5.0;
				TARGETED_DEVICE_FAMILY = "1,2";
				TEST_TARGET_NAME = testGit;
			};
			name = Debug;
		};
		40F6ECD8246B05B700803C30 /* Release */ = {
			isa = XCBuildConfiguration;
			buildSettings = {
				ALWAYS_EMBED_SWIFT_STANDARD_LIBRARIES = YES;
				CODE_SIGN_STYLE = Automatic;
				INFOPLIST_FILE = testGitUITests/Info.plist;
				LD_RUNPATH_SEARCH_PATHS = (
					"$(inherited)",
					"@executable_path/Frameworks",
					"@loader_path/Frameworks",
				);
				PRODUCT_BUNDLE_IDENTIFIER = Haok.testGitUITests;
				PRODUCT_NAME = "$(TARGET_NAME)";
				SWIFT_VERSION = 5.0;
				TARGETED_DEVICE_FAMILY = "1,2";
				TEST_TARGET_NAME = testGit;
			};
			name = Release;
		};
/* End XCBuildConfiguration section */

/* Begin XCConfigurationList section */
		40F6ECA3246B05B400803C30 /* Build configuration list for PBXProject "testGit" */ = {
			isa = XCConfigurationList;
			buildConfigurations = (
				40F6ECCE246B05B700803C30 /* Debug */,
				40F6ECCF246B05B700803C30 /* Release */,
			);
			defaultConfigurationIsVisible = 0;
			defaultConfigurationName = Release;
		};
		40F6ECD0246B05B700803C30 /* Build configuration list for PBXNativeTarget "testGit" */ = {
			isa = XCConfigurationList;
			buildConfigurations = (
				40F6ECD1246B05B700803C30 /* Debug */,
				40F6ECD2246B05B700803C30 /* Release */,
			);
			defaultConfigurationIsVisible = 0;
			defaultConfigurationName = Release;
		};
		40F6ECD3246B05B700803C30 /* Build configuration list for PBXNativeTarget "testGitTests" */ = {
			isa = XCConfigurationList;
			buildConfigurations = (
				40F6ECD4246B05B700803C30 /* Debug */,
				40F6ECD5246B05B700803C30 /* Release */,
			);
			defaultConfigurationIsVisible = 0;
			defaultConfigurationName = Release;
		};
		40F6ECD6246B05B700803C30 /* Build configuration list for PBXNativeTarget "testGitUITests" */ = {
			isa = XCConfigurationList;
			buildConfigurations = (
				40F6ECD7246B05B700803C30 /* Debug */,
				40F6ECD8246B05B700803C30 /* Release */,
			);
			defaultConfigurationIsVisible = 0;
			defaultConfigurationName = Release;
		};
/* End XCConfigurationList section */
	};
	rootObject = 40F6ECA0246B05B400803C30 /* Project object */;
}
